// !$*UTF8*$!
{
	archiveVersion = 1;
	classes = {
	};
	objectVersion = 55;
	objects = {

/* Begin PBXBuildFile section */
		D5C1F1382832B916001386C9 /* McDonald_s_MenuApp.swift in Sources */ = {isa = PBXBuildFile; fileRef = D5C1F1372832B916001386C9 /* McDonald_s_MenuApp.swift */; };
		D5C1F13A2832B916001386C9 /* MainMenuView.swift in Sources */ = {isa = PBXBuildFile; fileRef = D5C1F1392832B916001386C9 /* MainMenuView.swift */; };
		D5C1F13C2832B918001386C9 /* Assets.xcassets in Resources */ = {isa = PBXBuildFile; fileRef = D5C1F13B2832B918001386C9 /* Assets.xcassets */; };
		D5C1F13F2832B918001386C9 /* Preview Assets.xcassets in Resources */ = {isa = PBXBuildFile; fileRef = D5C1F13E2832B918001386C9 /* Preview Assets.xcassets */; };
		D5C1F1492832B918001386C9 /* McDonald_s_MenuTests.swift in Sources */ = {isa = PBXBuildFile; fileRef = D5C1F1482832B918001386C9 /* McDonald_s_MenuTests.swift */; };
		D5C1F1532832B918001386C9 /* McDonald_s_MenuUITests.swift in Sources */ = {isa = PBXBuildFile; fileRef = D5C1F1522832B918001386C9 /* McDonald_s_MenuUITests.swift */; };
		D5C1F1552832B918001386C9 /* McDonald_s_MenuUITestsLaunchTests.swift in Sources */ = {isa = PBXBuildFile; fileRef = D5C1F1542832B918001386C9 /* McDonald_s_MenuUITestsLaunchTests.swift */; };
		D5C1F16228334145001386C9 /* MainMenuCategoryView.swift in Sources */ = {isa = PBXBuildFile; fileRef = D5C1F16128334145001386C9 /* MainMenuCategoryView.swift */; };
		D5C1F16628334747001386C9 /* MainMenuItemView.swift in Sources */ = {isa = PBXBuildFile; fileRef = D5C1F16528334747001386C9 /* MainMenuItemView.swift */; };
		D5C1F16928335A1D001386C9 /* NetworkManager.swift in Sources */ = {isa = PBXBuildFile; fileRef = D5C1F16828335A1D001386C9 /* NetworkManager.swift */; };
		D5C1F16C28335EEA001386C9 /* APIEndpoints.swift in Sources */ = {isa = PBXBuildFile; fileRef = D5C1F16B28335EEA001386C9 /* APIEndpoints.swift */; };
		D5C1F170283360FB001386C9 /* RestaurantMenu.swift in Sources */ = {isa = PBXBuildFile; fileRef = D5C1F16F283360FB001386C9 /* RestaurantMenu.swift */; };
		D5C1F17228336167001386C9 /* MainMenuViewModel.swift in Sources */ = {isa = PBXBuildFile; fileRef = D5C1F17128336167001386C9 /* MainMenuViewModel.swift */; };
		D5C1F17528336CA9001386C9 /* SDWebImageSwiftUI in Frameworks */ = {isa = PBXBuildFile; productRef = D5C1F17428336CA9001386C9 /* SDWebImageSwiftUI */; };
		D5C1F17828336CB8001386C9 /* Shimmer in Frameworks */ = {isa = PBXBuildFile; productRef = D5C1F17728336CB8001386C9 /* Shimmer */; };
		D5C1F17B28341949001386C9 /* MenuItemDetailsView.swift in Sources */ = {isa = PBXBuildFile; fileRef = D5C1F17A28341948001386C9 /* MenuItemDetailsView.swift */; };
/* End PBXBuildFile section */

/* Begin PBXContainerItemProxy section */
		D5C1F1452832B918001386C9 /* PBXContainerItemProxy */ = {
			isa = PBXContainerItemProxy;
			containerPortal = D5C1F12C2832B916001386C9 /* Project object */;
			proxyType = 1;
			remoteGlobalIDString = D5C1F1332832B916001386C9;
			remoteInfo = "McDonald's Menu";
		};
		D5C1F14F2832B918001386C9 /* PBXContainerItemProxy */ = {
			isa = PBXContainerItemProxy;
			containerPortal = D5C1F12C2832B916001386C9 /* Project object */;
			proxyType = 1;
			remoteGlobalIDString = D5C1F1332832B916001386C9;
			remoteInfo = "McDonald's Menu";
		};
/* End PBXContainerItemProxy section */

/* Begin PBXFileReference section */
		D5C1F1342832B916001386C9 /* McDonald's Menu.app */ = {isa = PBXFileReference; explicitFileType = wrapper.application; includeInIndex = 0; path = "McDonald's Menu.app"; sourceTree = BUILT_PRODUCTS_DIR; };
		D5C1F1372832B916001386C9 /* McDonald_s_MenuApp.swift */ = {isa = PBXFileReference; lastKnownFileType = sourcecode.swift; path = McDonald_s_MenuApp.swift; sourceTree = "<group>"; };
		D5C1F1392832B916001386C9 /* MainMenuView.swift */ = {isa = PBXFileReference; lastKnownFileType = sourcecode.swift; path = MainMenuView.swift; sourceTree = "<group>"; };
		D5C1F13B2832B918001386C9 /* Assets.xcassets */ = {isa = PBXFileReference; lastKnownFileType = folder.assetcatalog; path = Assets.xcassets; sourceTree = "<group>"; };
		D5C1F13E2832B918001386C9 /* Preview Assets.xcassets */ = {isa = PBXFileReference; lastKnownFileType = folder.assetcatalog; path = "Preview Assets.xcassets"; sourceTree = "<group>"; };
		D5C1F1442832B918001386C9 /* McDonald's MenuTests.xctest */ = {isa = PBXFileReference; explicitFileType = wrapper.cfbundle; includeInIndex = 0; path = "McDonald's MenuTests.xctest"; sourceTree = BUILT_PRODUCTS_DIR; };
		D5C1F1482832B918001386C9 /* McDonald_s_MenuTests.swift */ = {isa = PBXFileReference; lastKnownFileType = sourcecode.swift; path = McDonald_s_MenuTests.swift; sourceTree = "<group>"; };
		D5C1F14E2832B918001386C9 /* McDonald's MenuUITests.xctest */ = {isa = PBXFileReference; explicitFileType = wrapper.cfbundle; includeInIndex = 0; path = "McDonald's MenuUITests.xctest"; sourceTree = BUILT_PRODUCTS_DIR; };
		D5C1F1522832B918001386C9 /* McDonald_s_MenuUITests.swift */ = {isa = PBXFileReference; lastKnownFileType = sourcecode.swift; path = McDonald_s_MenuUITests.swift; sourceTree = "<group>"; };
		D5C1F1542832B918001386C9 /* McDonald_s_MenuUITestsLaunchTests.swift */ = {isa = PBXFileReference; lastKnownFileType = sourcecode.swift; path = McDonald_s_MenuUITestsLaunchTests.swift; sourceTree = "<group>"; };
		D5C1F16128334145001386C9 /* MainMenuCategoryView.swift */ = {isa = PBXFileReference; lastKnownFileType = sourcecode.swift; path = MainMenuCategoryView.swift; sourceTree = "<group>"; };
		D5C1F16528334747001386C9 /* MainMenuItemView.swift */ = {isa = PBXFileReference; lastKnownFileType = sourcecode.swift; path = MainMenuItemView.swift; sourceTree = "<group>"; };
		D5C1F16828335A1D001386C9 /* NetworkManager.swift */ = {isa = PBXFileReference; lastKnownFileType = sourcecode.swift; path = NetworkManager.swift; sourceTree = "<group>"; };
		D5C1F16B28335EEA001386C9 /* APIEndpoints.swift */ = {isa = PBXFileReference; lastKnownFileType = sourcecode.swift; path = APIEndpoints.swift; sourceTree = "<group>"; };
		D5C1F16F283360FB001386C9 /* RestaurantMenu.swift */ = {isa = PBXFileReference; lastKnownFileType = sourcecode.swift; path = RestaurantMenu.swift; sourceTree = "<group>"; };
		D5C1F17128336167001386C9 /* MainMenuViewModel.swift */ = {isa = PBXFileReference; lastKnownFileType = sourcecode.swift; path = MainMenuViewModel.swift; sourceTree = "<group>"; };
		D5C1F17A28341948001386C9 /* MenuItemDetailsView.swift */ = {isa = PBXFileReference; lastKnownFileType = sourcecode.swift; path = MenuItemDetailsView.swift; sourceTree = "<group>"; };
/* End PBXFileReference section */

/* Begin PBXFrameworksBuildPhase section */
		D5C1F1312832B916001386C9 /* Frameworks */ = {
			isa = PBXFrameworksBuildPhase;
			buildActionMask = 2147483647;
			files = (
				D5C1F17828336CB8001386C9 /* Shimmer in Frameworks */,
				D5C1F17528336CA9001386C9 /* SDWebImageSwiftUI in Frameworks */,
			);
			runOnlyForDeploymentPostprocessing = 0;
		};
		D5C1F1412832B918001386C9 /* Frameworks */ = {
			isa = PBXFrameworksBuildPhase;
			buildActionMask = 2147483647;
			files = (
			);
			runOnlyForDeploymentPostprocessing = 0;
		};
		D5C1F14B2832B918001386C9 /* Frameworks */ = {
			isa = PBXFrameworksBuildPhase;
			buildActionMask = 2147483647;
			files = (
			);
			runOnlyForDeploymentPostprocessing = 0;
		};
/* End PBXFrameworksBuildPhase section */

/* Begin PBXGroup section */
		D5C1F12B2832B916001386C9 = {
			isa = PBXGroup;
			children = (
				D5C1F1362832B916001386C9 /* McDonald's Menu */,
				D5C1F1472832B918001386C9 /* McDonald's MenuTests */,
				D5C1F1512832B918001386C9 /* McDonald's MenuUITests */,
				D5C1F1352832B916001386C9 /* Products */,
			);
			sourceTree = "<group>";
		};
		D5C1F1352832B916001386C9 /* Products */ = {
			isa = PBXGroup;
			children = (
				D5C1F1342832B916001386C9 /* McDonald's Menu.app */,
				D5C1F1442832B918001386C9 /* McDonald's MenuTests.xctest */,
				D5C1F14E2832B918001386C9 /* McDonald's MenuUITests.xctest */,
			);
			name = Products;
			sourceTree = "<group>";
		};
		D5C1F1362832B916001386C9 /* McDonald's Menu */ = {
			isa = PBXGroup;
			children = (
				D5C1F1372832B916001386C9 /* McDonald_s_MenuApp.swift */,
				D5C1F16E28336022001386C9 /* Models */,
				D5C1F16328334182001386C9 /* Views */,
				D5C1F16D28336011001386C9 /* ViewModels */,
				D5C1F16728335A02001386C9 /* Managers */,
				D5C1F16A28335EBA001386C9 /* Constants */,
				D5C1F13B2832B918001386C9 /* Assets.xcassets */,
				D5C1F13D2832B918001386C9 /* Preview Content */,
			);
			path = "McDonald's Menu";
			sourceTree = "<group>";
		};
		D5C1F13D2832B918001386C9 /* Preview Content */ = {
			isa = PBXGroup;
			children = (
				D5C1F13E2832B918001386C9 /* Preview Assets.xcassets */,
			);
			path = "Preview Content";
			sourceTree = "<group>";
		};
		D5C1F1472832B918001386C9 /* McDonald's MenuTests */ = {
			isa = PBXGroup;
			children = (
				D5C1F1482832B918001386C9 /* McDonald_s_MenuTests.swift */,
			);
			path = "McDonald's MenuTests";
			sourceTree = "<group>";
		};
		D5C1F1512832B918001386C9 /* McDonald's MenuUITests */ = {
			isa = PBXGroup;
			children = (
				D5C1F1522832B918001386C9 /* McDonald_s_MenuUITests.swift */,
				D5C1F1542832B918001386C9 /* McDonald_s_MenuUITestsLaunchTests.swift */,
			);
			path = "McDonald's MenuUITests";
			sourceTree = "<group>";
		};
		D5C1F16328334182001386C9 /* Views */ = {
			isa = PBXGroup;
			children = (
				D5C1F1642833419A001386C9 /* MainMenu */,
				D5C1F17928341310001386C9 /* MenuItemDetails */,
			);
			path = Views;
			sourceTree = "<group>";
		};
		D5C1F1642833419A001386C9 /* MainMenu */ = {
			isa = PBXGroup;
			children = (
				D5C1F1392832B916001386C9 /* MainMenuView.swift */,
				D5C1F16128334145001386C9 /* MainMenuCategoryView.swift */,
				D5C1F16528334747001386C9 /* MainMenuItemView.swift */,
			);
			path = MainMenu;
			sourceTree = "<group>";
		};
		D5C1F16728335A02001386C9 /* Managers */ = {
			isa = PBXGroup;
			children = (
				D5C1F16828335A1D001386C9 /* NetworkManager.swift */,
			);
			path = Managers;
			sourceTree = "<group>";
		};
		D5C1F16A28335EBA001386C9 /* Constants */ = {
			isa = PBXGroup;
			children = (
				D5C1F16B28335EEA001386C9 /* APIEndpoints.swift */,
			);
			path = Constants;
			sourceTree = "<group>";
		};
		D5C1F16D28336011001386C9 /* ViewModels */ = {
			isa = PBXGroup;
			children = (
				D5C1F17128336167001386C9 /* MainMenuViewModel.swift */,
			);
			path = ViewModels;
			sourceTree = "<group>";
		};
		D5C1F16E28336022001386C9 /* Models */ = {
			isa = PBXGroup;
			children = (
				D5C1F16F283360FB001386C9 /* RestaurantMenu.swift */,
			);
			path = Models;
			sourceTree = "<group>";
		};
		D5C1F17928341310001386C9 /* MenuItemDetails */ = {
			isa = PBXGroup;
			children = (
				D5C1F17A28341948001386C9 /* MenuItemDetailsView.swift */,
			);
			path = MenuItemDetails;
			sourceTree = "<group>";
		};
/* End PBXGroup section */

/* Begin PBXNativeTarget section */
		D5C1F1332832B916001386C9 /* McDonald's Menu */ = {
			isa = PBXNativeTarget;
			buildConfigurationList = D5C1F1582832B918001386C9 /* Build configuration list for PBXNativeTarget "McDonald's Menu" */;
			buildPhases = (
				D5C1F1302832B916001386C9 /* Sources */,
				D5C1F1312832B916001386C9 /* Frameworks */,
				D5C1F1322832B916001386C9 /* Resources */,
			);
			buildRules = (
			);
			dependencies = (
			);
			name = "McDonald's Menu";
			packageProductDependencies = (
				D5C1F17428336CA9001386C9 /* SDWebImageSwiftUI */,
				D5C1F17728336CB8001386C9 /* Shimmer */,
			);
			productName = "McDonald's Menu";
			productReference = D5C1F1342832B916001386C9 /* McDonald's Menu.app */;
			productType = "com.apple.product-type.application";
		};
		D5C1F1432832B918001386C9 /* McDonald's MenuTests */ = {
			isa = PBXNativeTarget;
			buildConfigurationList = D5C1F15B2832B918001386C9 /* Build configuration list for PBXNativeTarget "McDonald's MenuTests" */;
			buildPhases = (
				D5C1F1402832B918001386C9 /* Sources */,
				D5C1F1412832B918001386C9 /* Frameworks */,
				D5C1F1422832B918001386C9 /* Resources */,
			);
			buildRules = (
			);
			dependencies = (
				D5C1F1462832B918001386C9 /* PBXTargetDependency */,
			);
			name = "McDonald's MenuTests";
			productName = "McDonald's MenuTests";
			productReference = D5C1F1442832B918001386C9 /* McDonald's MenuTests.xctest */;
			productType = "com.apple.product-type.bundle.unit-test";
		};
		D5C1F14D2832B918001386C9 /* McDonald's MenuUITests */ = {
			isa = PBXNativeTarget;
			buildConfigurationList = D5C1F15E2832B918001386C9 /* Build configuration list for PBXNativeTarget "McDonald's MenuUITests" */;
			buildPhases = (
				D5C1F14A2832B918001386C9 /* Sources */,
				D5C1F14B2832B918001386C9 /* Frameworks */,
				D5C1F14C2832B918001386C9 /* Resources */,
			);
			buildRules = (
			);
			dependencies = (
				D5C1F1502832B918001386C9 /* PBXTargetDependency */,
			);
			name = "McDonald's MenuUITests";
			productName = "McDonald's MenuUITests";
			productReference = D5C1F14E2832B918001386C9 /* McDonald's MenuUITests.xctest */;
			productType = "com.apple.product-type.bundle.ui-testing";
		};
/* End PBXNativeTarget section */

/* Begin PBXProject section */
		D5C1F12C2832B916001386C9 /* Project object */ = {
			isa = PBXProject;
			attributes = {
				BuildIndependentTargetsInParallel = 1;
				LastSwiftUpdateCheck = 1310;
				LastUpgradeCheck = 1310;
				TargetAttributes = {
					D5C1F1332832B916001386C9 = {
						CreatedOnToolsVersion = 13.1;
					};
					D5C1F1432832B918001386C9 = {
						CreatedOnToolsVersion = 13.1;
						TestTargetID = D5C1F1332832B916001386C9;
					};
					D5C1F14D2832B918001386C9 = {
						CreatedOnToolsVersion = 13.1;
						TestTargetID = D5C1F1332832B916001386C9;
					};
				};
			};
			buildConfigurationList = D5C1F12F2832B916001386C9 /* Build configuration list for PBXProject "McDonald's Menu" */;
			compatibilityVersion = "Xcode 13.0";
			developmentRegion = en;
			hasScannedForEncodings = 0;
			knownRegions = (
				en,
				Base,
			);
			mainGroup = D5C1F12B2832B916001386C9;
			packageReferences = (
				D5C1F17328336CA9001386C9 /* XCRemoteSwiftPackageReference "SDWebImageSwiftUI" */,
				D5C1F17628336CB8001386C9 /* XCRemoteSwiftPackageReference "SwiftUI-Shimmer" */,
			);
			productRefGroup = D5C1F1352832B916001386C9 /* Products */;
			projectDirPath = "";
			projectRoot = "";
			targets = (
				D5C1F1332832B916001386C9 /* McDonald's Menu */,
				D5C1F1432832B918001386C9 /* McDonald's MenuTests */,
				D5C1F14D2832B918001386C9 /* McDonald's MenuUITests */,
			);
		};
/* End PBXProject section */

/* Begin PBXResourcesBuildPhase section */
		D5C1F1322832B916001386C9 /* Resources */ = {
			isa = PBXResourcesBuildPhase;
			buildActionMask = 2147483647;
			files = (
				D5C1F13F2832B918001386C9 /* Preview Assets.xcassets in Resources */,
				D5C1F13C2832B918001386C9 /* Assets.xcassets in Resources */,
			);
			runOnlyForDeploymentPostprocessing = 0;
		};
		D5C1F1422832B918001386C9 /* Resources */ = {
			isa = PBXResourcesBuildPhase;
			buildActionMask = 2147483647;
			files = (
			);
			runOnlyForDeploymentPostprocessing = 0;
		};
		D5C1F14C2832B918001386C9 /* Resources */ = {
			isa = PBXResourcesBuildPhase;
			buildActionMask = 2147483647;
			files = (
			);
			runOnlyForDeploymentPostprocessing = 0;
		};
/* End PBXResourcesBuildPhase section */

/* Begin PBXSourcesBuildPhase section */
		D5C1F1302832B916001386C9 /* Sources */ = {
			isa = PBXSourcesBuildPhase;
			buildActionMask = 2147483647;
			files = (
				D5C1F17228336167001386C9 /* MainMenuViewModel.swift in Sources */,
				D5C1F13A2832B916001386C9 /* MainMenuView.swift in Sources */,
				D5C1F16628334747001386C9 /* MainMenuItemView.swift in Sources */,
				D5C1F16928335A1D001386C9 /* NetworkManager.swift in Sources */,
				D5C1F16C28335EEA001386C9 /* APIEndpoints.swift in Sources */,
				D5C1F1382832B916001386C9 /* McDonald_s_MenuApp.swift in Sources */,
				D5C1F16228334145001386C9 /* MainMenuCategoryView.swift in Sources */,
				D5C1F170283360FB001386C9 /* RestaurantMenu.swift in Sources */,
				D5C1F17B28341949001386C9 /* MenuItemDetailsView.swift in Sources */,
			);
			runOnlyForDeploymentPostprocessing = 0;
		};
		D5C1F1402832B918001386C9 /* Sources */ = {
			isa = PBXSourcesBuildPhase;
			buildActionMask = 2147483647;
			files = (
				D5C1F1492832B918001386C9 /* McDonald_s_MenuTests.swift in Sources */,
			);
			runOnlyForDeploymentPostprocessing = 0;
		};
		D5C1F14A2832B918001386C9 /* Sources */ = {
			isa = PBXSourcesBuildPhase;
			buildActionMask = 2147483647;
			files = (
				D5C1F1532832B918001386C9 /* McDonald_s_MenuUITests.swift in Sources */,
				D5C1F1552832B918001386C9 /* McDonald_s_MenuUITestsLaunchTests.swift in Sources */,
			);
			runOnlyForDeploymentPostprocessing = 0;
		};
/* End PBXSourcesBuildPhase section */

/* Begin PBXTargetDependency section */
		D5C1F1462832B918001386C9 /* PBXTargetDependency */ = {
			isa = PBXTargetDependency;
			target = D5C1F1332832B916001386C9 /* McDonald's Menu */;
			targetProxy = D5C1F1452832B918001386C9 /* PBXContainerItemProxy */;
		};
		D5C1F1502832B918001386C9 /* PBXTargetDependency */ = {
			isa = PBXTargetDependency;
			target = D5C1F1332832B916001386C9 /* McDonald's Menu */;
			targetProxy = D5C1F14F2832B918001386C9 /* PBXContainerItemProxy */;
		};
/* End PBXTargetDependency section */

/* Begin XCBuildConfiguration section */
		D5C1F1562832B918001386C9 /* Debug */ = {
			isa = XCBuildConfiguration;
			buildSettings = {
				ALWAYS_SEARCH_USER_PATHS = NO;
				CLANG_ANALYZER_NONNULL = YES;
				CLANG_ANALYZER_NUMBER_OBJECT_CONVERSION = YES_AGGRESSIVE;
				CLANG_CXX_LANGUAGE_STANDARD = "gnu++17";
				CLANG_CXX_LIBRARY = "libc++";
				CLANG_ENABLE_MODULES = YES;
				CLANG_ENABLE_OBJC_ARC = YES;
				CLANG_ENABLE_OBJC_WEAK = YES;
				CLANG_WARN_BLOCK_CAPTURE_AUTORELEASING = YES;
				CLANG_WARN_BOOL_CONVERSION = YES;
				CLANG_WARN_COMMA = YES;
				CLANG_WARN_CONSTANT_CONVERSION = YES;
				CLANG_WARN_DEPRECATED_OBJC_IMPLEMENTATIONS = YES;
				CLANG_WARN_DIRECT_OBJC_ISA_USAGE = YES_ERROR;
				CLANG_WARN_DOCUMENTATION_COMMENTS = YES;
				CLANG_WARN_EMPTY_BODY = YES;
				CLANG_WARN_ENUM_CONVERSION = YES;
				CLANG_WARN_INFINITE_RECURSION = YES;
				CLANG_WARN_INT_CONVERSION = YES;
				CLANG_WARN_NON_LITERAL_NULL_CONVERSION = YES;
				CLANG_WARN_OBJC_IMPLICIT_RETAIN_SELF = YES;
				CLANG_WARN_OBJC_LITERAL_CONVERSION = YES;
				CLANG_WARN_OBJC_ROOT_CLASS = YES_ERROR;
				CLANG_WARN_QUOTED_INCLUDE_IN_FRAMEWORK_HEADER = YES;
				CLANG_WARN_RANGE_LOOP_ANALYSIS = YES;
				CLANG_WARN_STRICT_PROTOTYPES = YES;
				CLANG_WARN_SUSPICIOUS_MOVE = YES;
				CLANG_WARN_UNGUARDED_AVAILABILITY = YES_AGGRESSIVE;
				CLANG_WARN_UNREACHABLE_CODE = YES;
				CLANG_WARN__DUPLICATE_METHOD_MATCH = YES;
				COPY_PHASE_STRIP = NO;
				DEBUG_INFORMATION_FORMAT = dwarf;
				ENABLE_STRICT_OBJC_MSGSEND = YES;
				ENABLE_TESTABILITY = YES;
				GCC_C_LANGUAGE_STANDARD = gnu11;
				GCC_DYNAMIC_NO_PIC = NO;
				GCC_NO_COMMON_BLOCKS = YES;
				GCC_OPTIMIZATION_LEVEL = 0;
				GCC_PREPROCESSOR_DEFINITIONS = (
					"DEBUG=1",
					"$(inherited)",
				);
				GCC_WARN_64_TO_32_BIT_CONVERSION = YES;
				GCC_WARN_ABOUT_RETURN_TYPE = YES_ERROR;
				GCC_WARN_UNDECLARED_SELECTOR = YES;
				GCC_WARN_UNINITIALIZED_AUTOS = YES_AGGRESSIVE;
				GCC_WARN_UNUSED_FUNCTION = YES;
				GCC_WARN_UNUSED_VARIABLE = YES;
				IPHONEOS_DEPLOYMENT_TARGET = 15.0;
				MTL_ENABLE_DEBUG_INFO = INCLUDE_SOURCE;
				MTL_FAST_MATH = YES;
				ONLY_ACTIVE_ARCH = YES;
				SDKROOT = iphoneos;
				SWIFT_ACTIVE_COMPILATION_CONDITIONS = DEBUG;
				SWIFT_OPTIMIZATION_LEVEL = "-Onone";
			};
			name = Debug;
		};
		D5C1F1572832B918001386C9 /* Release */ = {
			isa = XCBuildConfiguration;
			buildSettings = {
				ALWAYS_SEARCH_USER_PATHS = NO;
				CLANG_ANALYZER_NONNULL = YES;
				CLANG_ANALYZER_NUMBER_OBJECT_CONVERSION = YES_AGGRESSIVE;
				CLANG_CXX_LANGUAGE_STANDARD = "gnu++17";
				CLANG_CXX_LIBRARY = "libc++";
				CLANG_ENABLE_MODULES = YES;
				CLANG_ENABLE_OBJC_ARC = YES;
				CLANG_ENABLE_OBJC_WEAK = YES;
				CLANG_WARN_BLOCK_CAPTURE_AUTORELEASING = YES;
				CLANG_WARN_BOOL_CONVERSION = YES;
				CLANG_WARN_COMMA = YES;
				CLANG_WARN_CONSTANT_CONVERSION = YES;
				CLANG_WARN_DEPRECATED_OBJC_IMPLEMENTATIONS = YES;
				CLANG_WARN_DIRECT_OBJC_ISA_USAGE = YES_ERROR;
				CLANG_WARN_DOCUMENTATION_COMMENTS = YES;
				CLANG_WARN_EMPTY_BODY = YES;
				CLANG_WARN_ENUM_CONVERSION = YES;
				CLANG_WARN_INFINITE_RECURSION = YES;
				CLANG_WARN_INT_CONVERSION = YES;
				CLANG_WARN_NON_LITERAL_NULL_CONVERSION = YES;
				CLANG_WARN_OBJC_IMPLICIT_RETAIN_SELF = YES;
				CLANG_WARN_OBJC_LITERAL_CONVERSION = YES;
				CLANG_WARN_OBJC_ROOT_CLASS = YES_ERROR;
				CLANG_WARN_QUOTED_INCLUDE_IN_FRAMEWORK_HEADER = YES;
				CLANG_WARN_RANGE_LOOP_ANALYSIS = YES;
				CLANG_WARN_STRICT_PROTOTYPES = YES;
				CLANG_WARN_SUSPICIOUS_MOVE = YES;
				CLANG_WARN_UNGUARDED_AVAILABILITY = YES_AGGRESSIVE;
				CLANG_WARN_UNREACHABLE_CODE = YES;
				CLANG_WARN__DUPLICATE_METHOD_MATCH = YES;
				COPY_PHASE_STRIP = NO;
				DEBUG_INFORMATION_FORMAT = "dwarf-with-dsym";
				ENABLE_NS_ASSERTIONS = NO;
				ENABLE_STRICT_OBJC_MSGSEND = YES;
				GCC_C_LANGUAGE_STANDARD = gnu11;
				GCC_NO_COMMON_BLOCKS = YES;
				GCC_WARN_64_TO_32_BIT_CONVERSION = YES;
				GCC_WARN_ABOUT_RETURN_TYPE = YES_ERROR;
				GCC_WARN_UNDECLARED_SELECTOR = YES;
				GCC_WARN_UNINITIALIZED_AUTOS = YES_AGGRESSIVE;
				GCC_WARN_UNUSED_FUNCTION = YES;
				GCC_WARN_UNUSED_VARIABLE = YES;
				IPHONEOS_DEPLOYMENT_TARGET = 15.0;
				MTL_ENABLE_DEBUG_INFO = NO;
				MTL_FAST_MATH = YES;
				SDKROOT = iphoneos;
				SWIFT_COMPILATION_MODE = wholemodule;
				SWIFT_OPTIMIZATION_LEVEL = "-O";
				VALIDATE_PRODUCT = YES;
			};
			name = Release;
		};
		D5C1F1592832B918001386C9 /* Debug */ = {
			isa = XCBuildConfiguration;
			buildSettings = {
				ASSETCATALOG_COMPILER_APPICON_NAME = AppIcon;
				ASSETCATALOG_COMPILER_GLOBAL_ACCENT_COLOR_NAME = AccentColor;
				CODE_SIGN_STYLE = Automatic;
				CURRENT_PROJECT_VERSION = 1;
				DEVELOPMENT_ASSET_PATHS = "\"McDonald's Menu/Preview Content\"";
				DEVELOPMENT_TEAM = Z65E8N9YCR;
				ENABLE_PREVIEWS = YES;
				GENERATE_INFOPLIST_FILE = YES;
				INFOPLIST_KEY_UIApplicationSceneManifest_Generation = YES;
				INFOPLIST_KEY_UIApplicationSupportsIndirectInputEvents = YES;
				INFOPLIST_KEY_UILaunchScreen_Generation = YES;
				INFOPLIST_KEY_UISupportedInterfaceOrientations_iPad = "UIInterfaceOrientationPortrait UIInterfaceOrientationPortraitUpsideDown UIInterfaceOrientationLandscapeLeft UIInterfaceOrientationLandscapeRight";
				INFOPLIST_KEY_UISupportedInterfaceOrientations_iPhone = "UIInterfaceOrientationPortrait UIInterfaceOrientationLandscapeLeft UIInterfaceOrientationLandscapeRight";
				LD_RUNPATH_SEARCH_PATHS = (
					"$(inherited)",
					"@executable_path/Frameworks",
				);
				MARKETING_VERSION = 1.0;
				PRODUCT_BUNDLE_IDENTIFIER = "com.juanlovera.takehomeproject.McDonald-s-Menu";
				PRODUCT_NAME = "$(TARGET_NAME)";
				SWIFT_EMIT_LOC_STRINGS = YES;
				SWIFT_VERSION = 5.0;
				TARGETED_DEVICE_FAMILY = "1,2";
			};
			name = Debug;
		};
		D5C1F15A2832B918001386C9 /* Release */ = {
			isa = XCBuildConfiguration;
			buildSettings = {
				ASSETCATALOG_COMPILER_APPICON_NAME = AppIcon;
				ASSETCATALOG_COMPILER_GLOBAL_ACCENT_COLOR_NAME = AccentColor;
				CODE_SIGN_STYLE = Automatic;
				CURRENT_PROJECT_VERSION = 1;
				DEVELOPMENT_ASSET_PATHS = "\"McDonald's Menu/Preview Content\"";
				DEVELOPMENT_TEAM = Z65E8N9YCR;
				ENABLE_PREVIEWS = YES;
				GENERATE_INFOPLIST_FILE = YES;
				INFOPLIST_KEY_UIApplicationSceneManifest_Generation = YES;
				INFOPLIST_KEY_UIApplicationSupportsIndirectInputEvents = YES;
				INFOPLIST_KEY_UILaunchScreen_Generation = YES;
				INFOPLIST_KEY_UISupportedInterfaceOrientations_iPad = "UIInterfaceOrientationPortrait UIInterfaceOrientationPortraitUpsideDown UIInterfaceOrientationLandscapeLeft UIInterfaceOrientationLandscapeRight";
				INFOPLIST_KEY_UISupportedInterfaceOrientations_iPhone = "UIInterfaceOrientationPortrait UIInterfaceOrientationLandscapeLeft UIInterfaceOrientationLandscapeRight";
				LD_RUNPATH_SEARCH_PATHS = (
					"$(inherited)",
					"@executable_path/Frameworks",
				);
				MARKETING_VERSION = 1.0;
				PRODUCT_BUNDLE_IDENTIFIER = "com.juanlovera.takehomeproject.McDonald-s-Menu";
				PRODUCT_NAME = "$(TARGET_NAME)";
				SWIFT_EMIT_LOC_STRINGS = YES;
				SWIFT_VERSION = 5.0;
				TARGETED_DEVICE_FAMILY = "1,2";
			};
			name = Release;
		};
		D5C1F15C2832B918001386C9 /* Debug */ = {
			isa = XCBuildConfiguration;
			buildSettings = {
				ALWAYS_EMBED_SWIFT_STANDARD_LIBRARIES = YES;
				BUNDLE_LOADER = "$(TEST_HOST)";
				CODE_SIGN_STYLE = Automatic;
				CURRENT_PROJECT_VERSION = 1;
				DEVELOPMENT_TEAM = Z65E8N9YCR;
				GENERATE_INFOPLIST_FILE = YES;
				IPHONEOS_DEPLOYMENT_TARGET = 15.0;
				LD_RUNPATH_SEARCH_PATHS = (
					"$(inherited)",
					"@executable_path/Frameworks",
					"@loader_path/Frameworks",
				);
				MARKETING_VERSION = 1.0;
				PRODUCT_BUNDLE_IDENTIFIER = "com.juanlovera.takehomeproject.McDonald-s-MenuTests";
				PRODUCT_NAME = "$(TARGET_NAME)";
				SWIFT_EMIT_LOC_STRINGS = NO;
				SWIFT_VERSION = 5.0;
				TARGETED_DEVICE_FAMILY = "1,2";
				TEST_HOST = "$(BUILT_PRODUCTS_DIR)/McDonald's Menu.app/McDonald's Menu";
			};
			name = Debug;
		};
		D5C1F15D2832B918001386C9 /* Release */ = {
			isa = XCBuildConfiguration;
			buildSettings = {
				ALWAYS_EMBED_SWIFT_STANDARD_LIBRARIES = YES;
				BUNDLE_LOADER = "$(TEST_HOST)";
				CODE_SIGN_STYLE = Automatic;
				CURRENT_PROJECT_VERSION = 1;
				DEVELOPMENT_TEAM = Z65E8N9YCR;
				GENERATE_INFOPLIST_FILE = YES;
				IPHONEOS_DEPLOYMENT_TARGET = 15.0;
				LD_RUNPATH_SEARCH_PATHS = (
					"$(inherited)",
					"@executable_path/Frameworks",
					"@loader_path/Frameworks",
				);
				MARKETING_VERSION = 1.0;
				PRODUCT_BUNDLE_IDENTIFIER = "com.juanlovera.takehomeproject.McDonald-s-MenuTests";
				PRODUCT_NAME = "$(TARGET_NAME)";
				SWIFT_EMIT_LOC_STRINGS = NO;
				SWIFT_VERSION = 5.0;
				TARGETED_DEVICE_FAMILY = "1,2";
				TEST_HOST = "$(BUILT_PRODUCTS_DIR)/McDonald's Menu.app/McDonald's Menu";
			};
			name = Release;
		};
		D5C1F15F2832B918001386C9 /* Debug */ = {
			isa = XCBuildConfiguration;
			buildSettings = {
				ALWAYS_EMBED_SWIFT_STANDARD_LIBRARIES = YES;
				CODE_SIGN_STYLE = Automatic;
				CURRENT_PROJECT_VERSION = 1;
				DEVELOPMENT_TEAM = Z65E8N9YCR;
				GENERATE_INFOPLIST_FILE = YES;
				LD_RUNPATH_SEARCH_PATHS = (
					"$(inherited)",
					"@executable_path/Frameworks",
					"@loader_path/Frameworks",
				);
				MARKETING_VERSION = 1.0;
				PRODUCT_BUNDLE_IDENTIFIER = "com.juanlovera.takehomeproject.McDonald-s-MenuUITests";
				PRODUCT_NAME = "$(TARGET_NAME)";
				SWIFT_EMIT_LOC_STRINGS = NO;
				SWIFT_VERSION = 5.0;
				TARGETED_DEVICE_FAMILY = "1,2";
				TEST_TARGET_NAME = "McDonald's Menu";
			};
			name = Debug;
		};
		D5C1F1602832B918001386C9 /* Release */ = {
			isa = XCBuildConfiguration;
			buildSettings = {
				ALWAYS_EMBED_SWIFT_STANDARD_LIBRARIES = YES;
				CODE_SIGN_STYLE = Automatic;
				CURRENT_PROJECT_VERSION = 1;
				DEVELOPMENT_TEAM = Z65E8N9YCR;
				GENERATE_INFOPLIST_FILE = YES;
				LD_RUNPATH_SEARCH_PATHS = (
					"$(inherited)",
					"@executable_path/Frameworks",
					"@loader_path/Frameworks",
				);
				MARKETING_VERSION = 1.0;
				PRODUCT_BUNDLE_IDENTIFIER = "com.juanlovera.takehomeproject.McDonald-s-MenuUITests";
				PRODUCT_NAME = "$(TARGET_NAME)";
				SWIFT_EMIT_LOC_STRINGS = NO;
				SWIFT_VERSION = 5.0;
				TARGETED_DEVICE_FAMILY = "1,2";
				TEST_TARGET_NAME = "McDonald's Menu";
			};
			name = Release;
		};
/* End XCBuildConfiguration section */

/* Begin XCConfigurationList section */
		D5C1F12F2832B916001386C9 /* Build configuration list for PBXProject "McDonald's Menu" */ = {
			isa = XCConfigurationList;
			buildConfigurations = (
				D5C1F1562832B918001386C9 /* Debug */,
				D5C1F1572832B918001386C9 /* Release */,
			);
			defaultConfigurationIsVisible = 0;
			defaultConfigurationName = Release;
		};
		D5C1F1582832B918001386C9 /* Build configuration list for PBXNativeTarget "McDonald's Menu" */ = {
			isa = XCConfigurationList;
			buildConfigurations = (
				D5C1F1592832B918001386C9 /* Debug */,
				D5C1F15A2832B918001386C9 /* Release */,
			);
			defaultConfigurationIsVisible = 0;
			defaultConfigurationName = Release;
		};
		D5C1F15B2832B918001386C9 /* Build configuration list for PBXNativeTarget "McDonald's MenuTests" */ = {
			isa = XCConfigurationList;
			buildConfigurations = (
				D5C1F15C2832B918001386C9 /* Debug */,
				D5C1F15D2832B918001386C9 /* Release */,
			);
			defaultConfigurationIsVisible = 0;
			defaultConfigurationName = Release;
		};
		D5C1F15E2832B918001386C9 /* Build configuration list for PBXNativeTarget "McDonald's MenuUITests" */ = {
			isa = XCConfigurationList;
			buildConfigurations = (
				D5C1F15F2832B918001386C9 /* Debug */,
				D5C1F1602832B918001386C9 /* Release */,
			);
			defaultConfigurationIsVisible = 0;
			defaultConfigurationName = Release;
		};
/* End XCConfigurationList section */

/* Begin XCRemoteSwiftPackageReference section */
		D5C1F17328336CA9001386C9 /* XCRemoteSwiftPackageReference "SDWebImageSwiftUI" */ = {
			isa = XCRemoteSwiftPackageReference;
			repositoryURL = "https://github.com/SDWebImage/SDWebImageSwiftUI.git";
			requirement = {
				kind = upToNextMajorVersion;
				minimumVersion = 2.0.0;
			};
		};
		D5C1F17628336CB8001386C9 /* XCRemoteSwiftPackageReference "SwiftUI-Shimmer" */ = {
			isa = XCRemoteSwiftPackageReference;
			repositoryURL = "https://github.com/markiv/SwiftUI-Shimmer";
			requirement = {
				branch = main;
				kind = branch;
			};
		};
/* End XCRemoteSwiftPackageReference section */

/* Begin XCSwiftPackageProductDependency section */
		D5C1F17428336CA9001386C9 /* SDWebImageSwiftUI */ = {
			isa = XCSwiftPackageProductDependency;
			package = D5C1F17328336CA9001386C9 /* XCRemoteSwiftPackageReference "SDWebImageSwiftUI" */;
			productName = SDWebImageSwiftUI;
		};
		D5C1F17728336CB8001386C9 /* Shimmer */ = {
			isa = XCSwiftPackageProductDependency;
			package = D5C1F17628336CB8001386C9 /* XCRemoteSwiftPackageReference "SwiftUI-Shimmer" */;
			productName = Shimmer;
		};
/* End XCSwiftPackageProductDependency section */
	};
	rootObject = D5C1F12C2832B916001386C9 /* Project object */;
}
